<?xml version="1.0" encoding="utf-8"?>
<Project ToolsVersion="4.0" xmlns="http://schemas.microsoft.com/developer/msbuild/2003">
  <ItemGroup>
    <ClInclude Include="PreCompile.h">
      <Filter>PreCompile</Filter>
    </ClInclude>
    <ClInclude Include="Constant.h">
      <Filter>Constant</Filter>
    </ClInclude>
    <ClInclude Include="Converter.h">
      <Filter>Util</Filter>
    </ClInclude>
    <ClInclude Include="Physics.h">
      <Filter>Component</Filter>
    </ClInclude>
  </ItemGroup>
  <ItemGroup>
    <ClCompile Include="PreCompile.cpp">
      <Filter>PreCompile</Filter>
    </ClCompile>
    <ClCompile Include="Constant.cpp">
      <Filter>Constant</Filter>
    </ClCompile>
    <ClCompile Include="Converter.cpp">
      <Filter>Util</Filter>
    </ClCompile>
    <ClCompile Include="Physics.cpp">
      <Filter>Component</Filter>
    </ClCompile>
  </ItemGroup>
  <ItemGroup>
    <Filter Include="PreCompile">
      <UniqueIdentifier>{46861b8d-5528-4284-817f-cfbd064d7c32}</UniqueIdentifier>
    </Filter>
    <Filter Include="Constant">
      <UniqueIdentifier>{c3d10500-9f2b-4601-a22c-2f7ce340ce6a}</UniqueIdentifier>
    </Filter>
    <Filter Include="Util">
      <UniqueIdentifier>{6528831f-d9f4-4a13-808a-65e9349aa464}</UniqueIdentifier>
    </Filter>
    <Filter Include="Component">
      <UniqueIdentifier>{4b70eb56-9d4e-4a8b-b428-5305d8b49b40}</UniqueIdentifier>
    </Filter>
  </ItemGroup>
</Project>