<?xml version="1.0" encoding="utf-8"?>
<Project ToolsVersion="4.0" xmlns="http://schemas.microsoft.com/developer/msbuild/2003">
  <ItemGroup>
    <ClInclude Include="EngineCore.h">
      <Filter>Core</Filter>
    </ClInclude>
    <ClInclude Include="EngineOption.h">
      <Filter>Core</Filter>
    </ClInclude>
    <ClInclude Include="PreCompile.h">
      <Filter>PreCompile</Filter>
    </ClInclude>
    <ClInclude Include="EngineGraphicDevice.h">
      <Filter>Device</Filter>
    </ClInclude>
    <ClInclude Include="EngineRenderTarget.h">
      <Filter>Resources\Texture</Filter>
    </ClInclude>
    <ClInclude Include="EngineTexture.h">
      <Filter>Resources\Texture</Filter>
    </ClInclude>
    <ClInclude Include="Level.h">
      <Filter>Object</Filter>
    </ClInclude>
    <ClInclude Include="TickObject.h">
      <Filter>Object</Filter>
    </ClInclude>
    <ClInclude Include="GameMode.h">
      <Filter>Object\Actor\GameMode</Filter>
    </ClInclude>
    <ClInclude Include="Actor.h">
      <Filter>Object\Actor</Filter>
    </ClInclude>
    <ClInclude Include="ActorComponent.h">
      <Filter>Object\Component</Filter>
    </ClInclude>
    <ClInclude Include="SceneComponent.h">
      <Filter>Object\Component</Filter>
    </ClInclude>
    <ClInclude Include="Camera.h">
      <Filter>Object\Rendering</Filter>
    </ClInclude>
    <ClInclude Include="WorldObject.h">
      <Filter>Object</Filter>
    </ClInclude>
    <ClInclude Include="DefaultSceneComponent.h">
      <Filter>Object\EngineContent</Filter>
    </ClInclude>
    <ClInclude Include="EngineBuffer.h">
      <Filter>Resources\Mesh</Filter>
    </ClInclude>
    <ClInclude Include="EngineIndexBuffer.h">
      <Filter>Resources\Mesh</Filter>
    </ClInclude>
    <ClInclude Include="EngineMesh.h">
      <Filter>Resources\Mesh</Filter>
    </ClInclude>
    <ClInclude Include="EngineVertex.h">
      <Filter>Resources\Mesh</Filter>
    </ClInclude>
    <ClInclude Include="EngineVertexBuffer.h">
      <Filter>Resources\Mesh</Filter>
    </ClInclude>
    <ClInclude Include="EnginePixelShader.h">
      <Filter>Resources\Shader</Filter>
    </ClInclude>
    <ClInclude Include="EngineShader.h">
      <Filter>Resources\Shader</Filter>
    </ClInclude>
    <ClInclude Include="EngineVertexShader.h">
      <Filter>Resources\Shader</Filter>
    </ClInclude>
    <ClInclude Include="EngineMaterial.h">
      <Filter>Resources\RenderingSetting</Filter>
    </ClInclude>
    <ClInclude Include="EngineRasterizer.h">
      <Filter>Resources\RenderingSetting</Filter>
    </ClInclude>
    <ClInclude Include="DirectXHelper.h">
      <Filter>Device</Filter>
    </ClInclude>
    <ClInclude Include="EngineInputLayOut.h">
      <Filter>Resources\Mesh</Filter>
    </ClInclude>
    <ClInclude Include="EngineConstantBuffer.h">
      <Filter>Resources\ShaderResources</Filter>
    </ClInclude>
    <ClInclude Include="EngineShaderResources.h">
      <Filter>Resources\ShaderResources</Filter>
    </ClInclude>
    <ClInclude Include="EngineSampler.h">
      <Filter>Resources\Texture</Filter>
    </ClInclude>
    <ClInclude Include="ThirdParty\DirectxTex\inc\DirectXTex.h">
      <Filter>ThirdParty\DirectXTex\Inc</Filter>
    </ClInclude>
    <ClInclude Include="EngineSprite.h">
      <Filter>Resources\Texture</Filter>
    </ClInclude>
    <ClInclude Include="EngineBlend.h">
      <Filter>Resources\RenderingSetting</Filter>
    </ClInclude>
    <ClInclude Include="StateManager.h">
      <Filter>Contents</Filter>
    </ClInclude>
    <ClInclude Include="EngineDefines.h">
      <Filter>Core</Filter>
    </ClInclude>
    <ClInclude Include="EngineEnums.h">
      <Filter>Core</Filter>
    </ClInclude>
    <ClInclude Include="EngineEditorGUI.h">
      <Filter>Editor</Filter>
    </ClInclude>
    <ClInclude Include="EngineEditorWindow.h">
      <Filter>Editor</Filter>
    </ClInclude>
    <ClInclude Include="EngineDebugMsgWindow.h">
      <Filter>Editor\Contents</Filter>
    </ClInclude>
    <ClInclude Include="imconfig.h">
      <Filter>Editor\Imgui</Filter>
    </ClInclude>
    <ClInclude Include="imgui.h">
      <Filter>Editor\Imgui</Filter>
    </ClInclude>
    <ClInclude Include="imgui_impl_dx11.h">
      <Filter>Editor\Imgui</Filter>
    </ClInclude>
    <ClInclude Include="imgui_impl_win32.h">
      <Filter>Editor\Imgui</Filter>
    </ClInclude>
    <ClInclude Include="imgui_internal.h">
      <Filter>Editor\Imgui</Filter>
    </ClInclude>
    <ClInclude Include="imstb_rectpack.h">
      <Filter>Editor\Imgui</Filter>
    </ClInclude>
    <ClInclude Include="imstb_textedit.h">
      <Filter>Editor\Imgui</Filter>
    </ClInclude>
    <ClInclude Include="imstb_truetype.h">
      <Filter>Editor\Imgui</Filter>
    </ClInclude>
    <ClInclude Include="Renderer.h">
      <Filter>Object\Component\Rendering</Filter>
    </ClInclude>
    <ClInclude Include="Collision.h">
      <Filter>Object\Component\Collision</Filter>
    </ClInclude>
    <ClInclude Include="SpriteRenderer.h">
      <Filter>Object\Component\Rendering\Contents</Filter>
    </ClInclude>
    <ClInclude Include="TileRenderer.h">
      <Filter>Object\Component\Rendering\Contents</Filter>
    </ClInclude>
    <ClInclude Include="EngineDebug3D.h">
      <Filter>Debug</Filter>
    </ClInclude>
    <ClInclude Include="EngineStruct.h">
      <Filter>Core</Filter>
    </ClInclude>
    <ClInclude Include="RenderUnit.h">
      <Filter>Object\Component\Rendering</Filter>
    </ClInclude>
    <ClInclude Include="Widget.h">
      <Filter>Object\UI</Filter>
    </ClInclude>
    <ClInclude Include="Image.h">
      <Filter>Object\UI\Contents</Filter>
    </ClInclude>
    <ClInclude Include="BlurEffect.h">
      <Filter>Object\Rendering\Contents</Filter>
    </ClInclude>
    <ClInclude Include="EngineStructuredBuffer.h">
      <Filter>Resources\ShaderResources</Filter>
    </ClInclude>
    <ClInclude Include="SpriteInstancingRender.h">
      <Filter>Object\Component\Rendering\Contents</Filter>
    </ClInclude>
    <ClInclude Include="InstancingRender.h">
      <Filter>Object\Component\Rendering</Filter>
    </ClInclude>
    <ClInclude Include="ThirdParty\FW1FontWrapper\inc\FW1FontWrapper.h">
      <Filter>ThirdParty\FW1FontWrapper\Inc</Filter>
    </ClInclude>
    <ClInclude Include="EngineFont.h">
      <Filter>Resources\Font</Filter>
    </ClInclude>
    <ClInclude Include="TextWidget.h">
      <Filter>Object\UI\Contents</Filter>
    </ClInclude>
  </ItemGroup>
  <ItemGroup>
    <ClCompile Include="EngineCore.cpp">
      <Filter>Core</Filter>
    </ClCompile>
    <ClCompile Include="EngineOption.cpp">
      <Filter>Core</Filter>
    </ClCompile>
    <ClCompile Include="PreCompile.cpp">
      <Filter>PreCompile</Filter>
    </ClCompile>
    <ClCompile Include="EngineGraphicDevice.cpp">
      <Filter>Device</Filter>
    </ClCompile>
    <ClCompile Include="EngineRenderTarget.cpp">
      <Filter>Resources\Texture</Filter>
    </ClCompile>
    <ClCompile Include="EngineTexture.cpp">
      <Filter>Resources\Texture</Filter>
    </ClCompile>
    <ClCompile Include="Level.cpp">
      <Filter>Object</Filter>
    </ClCompile>
    <ClCompile Include="TickObject.cpp">
      <Filter>Object</Filter>
    </ClCompile>
    <ClCompile Include="GameMode.cpp">
      <Filter>Object\Actor\GameMode</Filter>
    </ClCompile>
    <ClCompile Include="Actor.cpp">
      <Filter>Object\Actor</Filter>
    </ClCompile>
    <ClCompile Include="ActorComponent.cpp">
      <Filter>Object\Component</Filter>
    </ClCompile>
    <ClCompile Include="SceneComponent.cpp">
      <Filter>Object\Component</Filter>
    </ClCompile>
    <ClCompile Include="Camera.cpp">
      <Filter>Object\Rendering</Filter>
    </ClCompile>
    <ClCompile Include="WorldObject.cpp">
      <Filter>Object</Filter>
    </ClCompile>
    <ClCompile Include="DefaultSceneComponent.cpp">
      <Filter>Object\EngineContent</Filter>
    </ClCompile>
    <ClCompile Include="EngineBuffer.cpp">
      <Filter>Resources\Mesh</Filter>
    </ClCompile>
    <ClCompile Include="EngineIndexBuffer.cpp">
      <Filter>Resources\Mesh</Filter>
    </ClCompile>
    <ClCompile Include="EngineMesh.cpp">
      <Filter>Resources\Mesh</Filter>
    </ClCompile>
    <ClCompile Include="EngineVertexBuffer.cpp">
      <Filter>Resources\Mesh</Filter>
    </ClCompile>
    <ClCompile Include="EngineGraphicDevice_Resources.cpp">
      <Filter>Device</Filter>
    </ClCompile>
    <ClCompile Include="EnginePixelShader.cpp">
      <Filter>Resources\Shader</Filter>
    </ClCompile>
    <ClCompile Include="EngineShader.cpp">
      <Filter>Resources\Shader</Filter>
    </ClCompile>
    <ClCompile Include="EngineVertexShader.cpp">
      <Filter>Resources\Shader</Filter>
    </ClCompile>
    <ClCompile Include="EngineMaterial.cpp">
      <Filter>Resources\RenderingSetting</Filter>
    </ClCompile>
    <ClCompile Include="EngineRasterizer.cpp">
      <Filter>Resources\RenderingSetting</Filter>
    </ClCompile>
    <ClCompile Include="DirectXHelper.cpp">
      <Filter>Device</Filter>
    </ClCompile>
    <ClCompile Include="EngineInputLayOut.cpp">
      <Filter>Resources\Mesh</Filter>
    </ClCompile>
    <ClCompile Include="EngineVertex.cpp">
      <Filter>Resources\Mesh</Filter>
    </ClCompile>
    <ClCompile Include="EngineConstantBuffer.cpp">
      <Filter>Resources\ShaderResources</Filter>
    </ClCompile>
    <ClCompile Include="EngineShaderResources.cpp">
      <Filter>Resources\ShaderResources</Filter>
    </ClCompile>
    <ClCompile Include="EngineSampler.cpp">
      <Filter>Resources\Texture</Filter>
    </ClCompile>
    <ClCompile Include="EngineSprite.cpp">
      <Filter>Resources\Texture</Filter>
    </ClCompile>
    <ClCompile Include="EngineBlend.cpp">
      <Filter>Resources\RenderingSetting</Filter>
    </ClCompile>
    <ClCompile Include="StateManager.cpp">
      <Filter>Contents</Filter>
    </ClCompile>
    <ClCompile Include="EngineEditorGUI.cpp">
      <Filter>Editor</Filter>
    </ClCompile>
    <ClCompile Include="EngineEditorWindow.cpp">
      <Filter>Editor</Filter>
    </ClCompile>
    <ClCompile Include="EngineDebugMsgWindow.cpp">
      <Filter>Editor\Contents</Filter>
    </ClCompile>
    <ClCompile Include="imgui.cpp">
      <Filter>Editor\Imgui</Filter>
    </ClCompile>
    <ClCompile Include="imgui_demo.cpp">
      <Filter>Editor\Imgui</Filter>
    </ClCompile>
    <ClCompile Include="imgui_draw.cpp">
      <Filter>Editor\Imgui</Filter>
    </ClCompile>
    <ClCompile Include="imgui_impl_dx11.cpp">
      <Filter>Editor\Imgui</Filter>
    </ClCompile>
    <ClCompile Include="imgui_impl_win32.cpp">
      <Filter>Editor\Imgui</Filter>
    </ClCompile>
    <ClCompile Include="imgui_tables.cpp">
      <Filter>Editor\Imgui</Filter>
    </ClCompile>
    <ClCompile Include="imgui_widgets.cpp">
      <Filter>Editor\Imgui</Filter>
    </ClCompile>
    <ClCompile Include="Renderer.cpp">
      <Filter>Object\Component\Rendering</Filter>
    </ClCompile>
    <ClCompile Include="Collision.cpp">
      <Filter>Object\Component\Collision</Filter>
    </ClCompile>
    <ClCompile Include="SpriteRenderer.cpp">
      <Filter>Object\Component\Rendering\Contents</Filter>
    </ClCompile>
    <ClCompile Include="TileRenderer.cpp">
      <Filter>Object\Component\Rendering\Contents</Filter>
    </ClCompile>
    <ClCompile Include="EngineDebug3D.cpp">
      <Filter>Debug</Filter>
    </ClCompile>
    <ClCompile Include="EngineStruct.cpp">
      <Filter>Core</Filter>
    </ClCompile>
    <ClCompile Include="RenderUnit.cpp">
      <Filter>Object\Component\Rendering</Filter>
    </ClCompile>
    <ClCompile Include="Widget.cpp">
      <Filter>Object\UI</Filter>
    </ClCompile>
    <ClCompile Include="Image.cpp">
      <Filter>Object\UI\Contents</Filter>
    </ClCompile>
    <ClCompile Include="BlurEffect.cpp">
      <Filter>Object\Rendering\Contents</Filter>
    </ClCompile>
    <ClCompile Include="EngineStructuredBuffer.cpp">
      <Filter>Resources\ShaderResources</Filter>
    </ClCompile>
    <ClCompile Include="SpriteInstancingRender.cpp">
      <Filter>Object\Component\Rendering\Contents</Filter>
    </ClCompile>
    <ClCompile Include="InstancingRender.cpp">
      <Filter>Object\Component\Rendering</Filter>
    </ClCompile>
    <ClCompile Include="EngineFont.cpp">
      <Filter>Resources\Font</Filter>
    </ClCompile>
    <ClCompile Include="TextWidget.cpp">
      <Filter>Object\UI\Contents</Filter>
    </ClCompile>
  </ItemGroup>
  <ItemGroup>
    <Filter Include="Core">
      <UniqueIdentifier>{f686411b-8faa-441d-91e8-b695eff20037}</UniqueIdentifier>
    </Filter>
    <Filter Include="PreCompile">
      <UniqueIdentifier>{b711e5db-ea7f-49c8-867f-092c9b713ee9}</UniqueIdentifier>
    </Filter>
    <Filter Include="Device">
      <UniqueIdentifier>{bf48c39d-8046-40b3-adf6-dad808c24028}</UniqueIdentifier>
    </Filter>
    <Filter Include="Resources">
      <UniqueIdentifier>{3969ce89-cbd0-44c6-bde4-3bd98fdbe355}</UniqueIdentifier>
    </Filter>
    <Filter Include="Resources\Texture">
      <UniqueIdentifier>{a2b31761-a4b1-48d9-8a54-b5406c17a9f3}</UniqueIdentifier>
    </Filter>
    <Filter Include="Object">
      <UniqueIdentifier>{ec6b4860-85d4-4f25-b7a6-277bba5ce054}</UniqueIdentifier>
    </Filter>
    <Filter Include="Object\Actor">
      <UniqueIdentifier>{3680d125-6b32-40c3-b9ce-00c54739f3b9}</UniqueIdentifier>
    </Filter>
    <Filter Include="Object\Component">
      <UniqueIdentifier>{2348ca69-4743-4e53-ad25-19c098dcbd06}</UniqueIdentifier>
    </Filter>
    <Filter Include="Object\Actor\GameMode">
      <UniqueIdentifier>{a0f2844c-09e1-43f9-b9a8-6d2d266d44b3}</UniqueIdentifier>
    </Filter>
    <Filter Include="Object\Rendering">
      <UniqueIdentifier>{47fd2ea7-5fb7-42c1-8836-5f518298cd1d}</UniqueIdentifier>
    </Filter>
    <Filter Include="Object\EngineContent">
      <UniqueIdentifier>{a4fa3acf-78e8-4a6d-af4d-25f8491758d0}</UniqueIdentifier>
    </Filter>
    <Filter Include="Resources\Mesh">
      <UniqueIdentifier>{700dd318-fd76-4e30-874a-4e21b1e21291}</UniqueIdentifier>
    </Filter>
    <Filter Include="Resources\Shader">
      <UniqueIdentifier>{7ff4f64d-0e0d-492c-8f89-eb56f0d7c10a}</UniqueIdentifier>
    </Filter>
    <Filter Include="Resources\RenderingSetting">
      <UniqueIdentifier>{1a2b68e2-c727-420a-8707-092fd26b522e}</UniqueIdentifier>
    </Filter>
    <Filter Include="Resources\ShaderResources">
      <UniqueIdentifier>{483745d5-b1bf-43be-980b-070457482693}</UniqueIdentifier>
    </Filter>
    <Filter Include="ThirdParty">
      <UniqueIdentifier>{b2237b5e-36e2-44ab-bb9c-da8f71cac46b}</UniqueIdentifier>
    </Filter>
    <Filter Include="ThirdParty\DirectXTex">
      <UniqueIdentifier>{0d046830-a2f2-46da-a269-0ef65e25a8cb}</UniqueIdentifier>
    </Filter>
    <Filter Include="ThirdParty\DirectXTex\Debug">
      <UniqueIdentifier>{361e2049-0ace-48db-8392-5ae1785e378a}</UniqueIdentifier>
    </Filter>
    <Filter Include="ThirdParty\DirectXTex\Release">
      <UniqueIdentifier>{71b4d269-61a1-4199-948f-f3ce73d3528c}</UniqueIdentifier>
    </Filter>
    <Filter Include="ThirdParty\DirectXTex\Inc">
      <UniqueIdentifier>{b3ba1108-7a0b-43ff-a68c-b262b895c90a}</UniqueIdentifier>
    </Filter>
    <Filter Include="Contents">
      <UniqueIdentifier>{05fbd999-f404-4b49-8c66-6ff85094b961}</UniqueIdentifier>
    </Filter>
    <Filter Include="Editor">
      <UniqueIdentifier>{4f2915f7-1e2b-42c8-90f0-d1b6b5c23e99}</UniqueIdentifier>
    </Filter>
    <Filter Include="Editor\Contents">
      <UniqueIdentifier>{61bed614-08f0-46bc-a93d-6b10e056d40f}</UniqueIdentifier>
    </Filter>
    <Filter Include="Editor\Imgui">
      <UniqueIdentifier>{6b1e00e1-1fb9-4743-87cb-121efb8ceb9a}</UniqueIdentifier>
    </Filter>
    <Filter Include="Object\Component\Collision">
      <UniqueIdentifier>{e4aae906-bad0-4a55-891b-f064fa5bb2c8}</UniqueIdentifier>
    </Filter>
    <Filter Include="Object\Component\Rendering">
      <UniqueIdentifier>{cccdd730-29e8-454f-b7e3-07d1c61dbb0e}</UniqueIdentifier>
    </Filter>
    <Filter Include="Object\Component\Rendering\Contents">
      <UniqueIdentifier>{11aeea81-b30e-4a57-a1cd-a8bd65195dad}</UniqueIdentifier>
    </Filter>
    <Filter Include="Debug">
      <UniqueIdentifier>{0e06222e-17dd-4300-84a8-6e58f30a0854}</UniqueIdentifier>
    </Filter>
    <Filter Include="Object\UI">
      <UniqueIdentifier>{288150dd-9556-4ae9-b73e-01d4ab072b77}</UniqueIdentifier>
    </Filter>
    <Filter Include="Object\UI\Contents">
      <UniqueIdentifier>{038f9280-78b6-4e5e-b2ab-294fff286e09}</UniqueIdentifier>
    </Filter>
    <Filter Include="Object\Rendering\Contents">
      <UniqueIdentifier>{9f02115b-9ef1-4480-baa4-37b262aa179b}</UniqueIdentifier>
    </Filter>
    <Filter Include="ThirdParty\FW1FontWrapper">
      <UniqueIdentifier>{54867e40-9920-4184-acff-fc4476b0e9ce}</UniqueIdentifier>
    </Filter>
    <Filter Include="ThirdParty\FW1FontWrapper\Inc">
      <UniqueIdentifier>{4293e65c-1a27-4d31-a360-0bfdc48bb276}</UniqueIdentifier>
    </Filter>
    <Filter Include="ThirdParty\FW1FontWrapper\Release">
      <UniqueIdentifier>{bb4e0d9e-be4d-4566-9ac0-55cb12905e20}</UniqueIdentifier>
    </Filter>
    <Filter Include="Resources\Font">
      <UniqueIdentifier>{12ce716f-0208-4e3d-b11a-c3d478483eb4}</UniqueIdentifier>
    </Filter>
  </ItemGroup>
  <ItemGroup>
    <CopyFileToFolders Include="ThirdParty\DirectxTex\Debug\DirectXTex.lib">
      <Filter>ThirdParty\DirectXTex\Debug</Filter>
    </CopyFileToFolders>
    <CopyFileToFolders Include="ThirdParty\DirectxTex\Release\DirectXTex.lib">
      <Filter>ThirdParty\DirectXTex\Release</Filter>
    </CopyFileToFolders>
    <CopyFileToFolders Include="ThirdParty\DirectxTex\Release\DirectXTex.pdb">
      <Filter>ThirdParty\DirectXTex\Release</Filter>
    </CopyFileToFolders>
    <CopyFileToFolders Include="ThirdParty\DirectxTex\Debug\DirectXTex.pdb">
      <Filter>ThirdParty\DirectXTex\Debug</Filter>
    </CopyFileToFolders>
    <CopyFileToFolders Include="ThirdParty\FW1FontWrapper\Release\FW1FontWrapper.dll">
      <Filter>ThirdParty\FW1FontWrapper\Release</Filter>
    </CopyFileToFolders>
  </ItemGroup>
  <ItemGroup>
    <None Include="ThirdParty\FW1FontWrapper\Release\FW1FontWrapper.pdb">
      <Filter>ThirdParty\FW1FontWrapper\Release</Filter>
    </None>
  </ItemGroup>
  <ItemGroup>
    <Library Include="ThirdParty\FW1FontWrapper\Release\FW1FontWrapper.lib">
      <Filter>ThirdParty\FW1FontWrapper\Release</Filter>
    </Library>
  </ItemGroup>
</Project>