<?xml version="1.0" encoding="utf-8"?>
<Project ToolsVersion="4.0" xmlns="http://schemas.microsoft.com/developer/msbuild/2003">
  <ItemGroup>
    <Filter Include="Core">
      <UniqueIdentifier>{dbba823f-ed6e-49df-ac41-185d7ce53193}</UniqueIdentifier>
    </Filter>
    <Filter Include="PreCompile">
      <UniqueIdentifier>{ded1c384-7199-437e-8685-a18e1a9df407}</UniqueIdentifier>
    </Filter>
    <Filter Include="Level">
      <UniqueIdentifier>{e70dd09c-78c7-4557-b04c-350be78e7537}</UniqueIdentifier>
    </Filter>
    <Filter Include="Constant">
      <UniqueIdentifier>{b99b2ca3-b3f5-4642-8980-abb313193a0f}</UniqueIdentifier>
    </Filter>
    <Filter Include="Level\00. TestLevel">
      <UniqueIdentifier>{1a725af2-30be-4d2a-89a6-02e50c5a6662}</UniqueIdentifier>
    </Filter>
    <Filter Include="Level\00. TestLevel\Object">
      <UniqueIdentifier>{e677c9ea-5550-43c8-9add-d2809c7309b1}</UniqueIdentifier>
    </Filter>
    <Filter Include="Level\01. TitleLevel">
      <UniqueIdentifier>{e9320e7b-1152-4c4e-ad95-7d873833b0ed}</UniqueIdentifier>
    </Filter>
    <Filter Include="Level\01. TitleLevel\Object">
      <UniqueIdentifier>{33c1af55-dabd-4219-b50f-cdacfd4f412a}</UniqueIdentifier>
    </Filter>
    <Filter Include="Level\02. OverworldLevel">
      <UniqueIdentifier>{4395b6c6-86db-4be6-b54d-27c3dc515949}</UniqueIdentifier>
    </Filter>
    <Filter Include="Level\02. OverworldLevel\Object">
      <UniqueIdentifier>{96f7633d-2038-4299-82e7-729ce7fd7d25}</UniqueIdentifier>
    </Filter>
  </ItemGroup>
  <ItemGroup>
    <ClInclude Include="CupheadCore.h">
      <Filter>Core</Filter>
    </ClInclude>
    <ClInclude Include="PreCompile.h">
      <Filter>PreCompile</Filter>
    </ClInclude>
    <ClInclude Include="TestPlayer.h">
      <Filter>Level\00. TestLevel\Object</Filter>
    </ClInclude>
    <ClInclude Include="TestGameMode.h">
      <Filter>Level\00. TestLevel</Filter>
    </ClInclude>
    <ClInclude Include="TitleGameMode.h">
      <Filter>Level\01. TitleLevel</Filter>
    </ClInclude>
    <ClInclude Include="TitleScreen.h">
      <Filter>Level\01. TitleLevel\Object</Filter>
    </ClInclude>
    <ClInclude Include="OverworldGameMode.h">
      <Filter>Level\02. OverworldLevel</Filter>
    </ClInclude>
    <ClInclude Include="OverworldPlayer.h">
      <Filter>Level\02. OverworldLevel\Object</Filter>
    </ClInclude>
    <ClInclude Include="Constant.h">
      <Filter>Constant</Filter>
    </ClInclude>
    <ClInclude Include="OverworldMap.h">
      <Filter>Level\02. OverworldLevel\Object</Filter>
    </ClInclude>
  </ItemGroup>
  <ItemGroup>
    <ClCompile Include="CupheadCore.cpp">
      <Filter>Core</Filter>
    </ClCompile>
    <ClCompile Include="PreCompile.cpp">
      <Filter>PreCompile</Filter>
    </ClCompile>
    <ClCompile Include="TestPlayer.cpp">
      <Filter>Level\00. TestLevel\Object</Filter>
    </ClCompile>
    <ClCompile Include="TestGameMode.cpp">
      <Filter>Level\00. TestLevel</Filter>
    </ClCompile>
    <ClCompile Include="TitleGameMode.cpp">
      <Filter>Level\01. TitleLevel</Filter>
    </ClCompile>
    <ClCompile Include="TitleScreen.cpp">
      <Filter>Level\01. TitleLevel\Object</Filter>
    </ClCompile>
    <ClCompile Include="OverworldGameMode.cpp">
      <Filter>Level\02. OverworldLevel</Filter>
    </ClCompile>
    <ClCompile Include="OverworldPlayer.cpp">
      <Filter>Level\02. OverworldLevel\Object</Filter>
    </ClCompile>
    <ClCompile Include="Constant.cpp">
      <Filter>Constant</Filter>
    </ClCompile>
    <ClCompile Include="OverworldMap.cpp">
      <Filter>Level\02. OverworldLevel\Object</Filter>
    </ClCompile>
  </ItemGroup>
</Project>